
Microsoft Visual Studio Solution File, Format Version 12.00
# Visual Studio Version 16
VisualStudioVersion = 16.0.30413.136
MinimumVisualStudioVersion = 10.0.40219.1
Project("{2150E333-8FDC-42A3-9474-1A3956D46DE8}") = "1-Presentation", "1-Presentation", "{4B41F45B-CCFC-4590-94F4-963F1FC284AF}"
EndProject
Project("{2150E333-8FDC-42A3-9474-1A3956D46DE8}") = "2-Services", "2-Services", "{64D69999-1A0E-46A7-9D8A-B112A33B2828}"
EndProject
Project("{2150E333-8FDC-42A3-9474-1A3956D46DE8}") = "3-Application", "3-Application", "{20CE1DB5-66D1-4873-B70F-C86B9BA866BF}"
EndProject
Project("{2150E333-8FDC-42A3-9474-1A3956D46DE8}") = "4-Domain", "4-Domain", "{061CB73C-66F3-433A-B833-9751966B535F}"
EndProject
Project("{2150E333-8FDC-42A3-9474-1A3956D46DE8}") = "5-Data", "5-Data", "{A9341CE2-E12B-4544-BA27-51AD790841BF}"
EndProject
Project("{9A19103F-16F7-4668-BE54-9A1E7A4F7556}") = "MyApp.Application", "MyApp.Application\MyApp.Application.csproj", "{500ED371-A63E-4616-94D9-0EC233E2B5B5}"
EndProject
Project("{9A19103F-16F7-4668-BE54-9A1E7A4F7556}") = "MyApp.Domain", "MyApp.Domain\MyApp.Domain.csproj", "{54AF8060-A2D2-4375-918E-ACB4417223A1}"
EndProject
Project("{9A19103F-16F7-4668-BE54-9A1E7A4F7556}") = "MyApp.Infra.Data", "MyApp.Infra.Data\MyApp.Infra.Data.csproj", "{06026162-ECE1-44BA-9E91-9E55A8CFDB47}"
EndProject
Project("{2150E333-8FDC-42A3-9474-1A3956D46DE8}") = "5.1-Data", "5.1-Data", "{40ED44F4-56A8-49E4-AF21-DE9C8A73E2AE}"
EndProject
Project("{2150E333-8FDC-42A3-9474-1A3956D46DE8}") = "5.2-CrossCutting", "5.2-CrossCutting", "{A8DB5C00-9736-4ACB-A11C-4C717EEBC1B9}"
EndProject
Project("{9A19103F-16F7-4668-BE54-9A1E7A4F7556}") = "MyApp.Infra.CrossCutting.Ioc", "MyApp.Infra.CrossCutting.Ioc\MyApp.Infra.CrossCutting.Ioc.csproj", "{FA29A241-480C-4999-A664-9B5C088978E0}"
EndProject
Project("{9A19103F-16F7-4668-BE54-9A1E7A4F7556}") = "MyApp.Infra.CrossCutting.Identity", "MyApp.Infra.CrossCutting.Identity\MyApp.Infra.CrossCutting.Identity.csproj", "{7568D536-A423-472E-A8E5-BFC52127485C}"
EndProject
Project("{9A19103F-16F7-4668-BE54-9A1E7A4F7556}") = "MyApp.Web.Ui", "MyApp.Web.Ui\MyApp.Web.Ui.csproj", "{57ABD3C1-193A-498D-82F5-6946D69836FA}"
EndProject
Project("{9A19103F-16F7-4668-BE54-9A1E7A4F7556}") = "MyApp.Infra.CrossCutting.Bus", "MyApp.Infra.CrossCutting.Bus\MyApp.Infra.CrossCutting.Bus.csproj", "{E2C1F56C-34A1-4E34-A602-0918459E6BDC}"
EndProject
Project("{9A19103F-16F7-4668-BE54-9A1E7A4F7556}") = "MyApp.Services.API", "MyApp.Services.API\MyApp.Services.API.csproj", "{521229AD-8270-4792-8701-F24CD82E5806}"
EndProject
Project("{9A19103F-16F7-4668-BE54-9A1E7A4F7556}") = "MyApp.Domain.Core", "MyApp.Domain.Core\MyApp.Domain.Core.csproj", "{60355524-97AE-4B99-ADFC-1AF9CF269AF6}"
EndProject
Global
	GlobalSection(SolutionConfigurationPlatforms) = preSolution
		Debug|Any CPU = Debug|Any CPU
		Release|Any CPU = Release|Any CPU
	EndGlobalSection
	GlobalSection(ProjectConfigurationPlatforms) = postSolution
		{500ED371-A63E-4616-94D9-0EC233E2B5B5}.Debug|Any CPU.ActiveCfg = Debug|Any CPU
		{500ED371-A63E-4616-94D9-0EC233E2B5B5}.Debug|Any CPU.Build.0 = Debug|Any CPU
		{500ED371-A63E-4616-94D9-0EC233E2B5B5}.Release|Any CPU.ActiveCfg = Release|Any CPU
		{500ED371-A63E-4616-94D9-0EC233E2B5B5}.Release|Any CPU.Build.0 = Release|Any CPU
		{54AF8060-A2D2-4375-918E-ACB4417223A1}.Debug|Any CPU.ActiveCfg = Debug|Any CPU
		{54AF8060-A2D2-4375-918E-ACB4417223A1}.Debug|Any CPU.Build.0 = Debug|Any CPU
		{54AF8060-A2D2-4375-918E-ACB4417223A1}.Release|Any CPU.ActiveCfg = Release|Any CPU
		{54AF8060-A2D2-4375-918E-ACB4417223A1}.Release|Any CPU.Build.0 = Release|Any CPU
		{06026162-ECE1-44BA-9E91-9E55A8CFDB47}.Debug|Any CPU.ActiveCfg = Debug|Any CPU
		{06026162-ECE1-44BA-9E91-9E55A8CFDB47}.Debug|Any CPU.Build.0 = Debug|Any CPU
		{06026162-ECE1-44BA-9E91-9E55A8CFDB47}.Release|Any CPU.ActiveCfg = Release|Any CPU
		{06026162-ECE1-44BA-9E91-9E55A8CFDB47}.Release|Any CPU.Build.0 = Release|Any CPU
		{FA29A241-480C-4999-A664-9B5C088978E0}.Debug|Any CPU.ActiveCfg = Debug|Any CPU
		{FA29A241-480C-4999-A664-9B5C088978E0}.Debug|Any CPU.Build.0 = Debug|Any CPU
		{FA29A241-480C-4999-A664-9B5C088978E0}.Release|Any CPU.ActiveCfg = Release|Any CPU
		{FA29A241-480C-4999-A664-9B5C088978E0}.Release|Any CPU.Build.0 = Release|Any CPU
		{7568D536-A423-472E-A8E5-BFC52127485C}.Debug|Any CPU.ActiveCfg = Debug|Any CPU
		{7568D536-A423-472E-A8E5-BFC52127485C}.Debug|Any CPU.Build.0 = Debug|Any CPU
		{7568D536-A423-472E-A8E5-BFC52127485C}.Release|Any CPU.ActiveCfg = Release|Any CPU
		{7568D536-A423-472E-A8E5-BFC52127485C}.Release|Any CPU.Build.0 = Release|Any CPU
		{57ABD3C1-193A-498D-82F5-6946D69836FA}.Debug|Any CPU.ActiveCfg = Debug|Any CPU
		{57ABD3C1-193A-498D-82F5-6946D69836FA}.Debug|Any CPU.Build.0 = Debug|Any CPU
		{57ABD3C1-193A-498D-82F5-6946D69836FA}.Release|Any CPU.ActiveCfg = Release|Any CPU
		{57ABD3C1-193A-498D-82F5-6946D69836FA}.Release|Any CPU.Build.0 = Release|Any CPU
		{E2C1F56C-34A1-4E34-A602-0918459E6BDC}.Debug|Any CPU.ActiveCfg = Debug|Any CPU
		{E2C1F56C-34A1-4E34-A602-0918459E6BDC}.Debug|Any CPU.Build.0 = Debug|Any CPU
		{E2C1F56C-34A1-4E34-A602-0918459E6BDC}.Release|Any CPU.ActiveCfg = Release|Any CPU
		{E2C1F56C-34A1-4E34-A602-0918459E6BDC}.Release|Any CPU.Build.0 = Release|Any CPU
		{521229AD-8270-4792-8701-F24CD82E5806}.Debug|Any CPU.ActiveCfg = Debug|Any CPU
		{521229AD-8270-4792-8701-F24CD82E5806}.Debug|Any CPU.Build.0 = Debug|Any CPU
		{521229AD-8270-4792-8701-F24CD82E5806}.Release|Any CPU.ActiveCfg = Release|Any CPU
		{521229AD-8270-4792-8701-F24CD82E5806}.Release|Any CPU.Build.0 = Release|Any CPU
		{60355524-97AE-4B99-ADFC-1AF9CF269AF6}.Debug|Any CPU.ActiveCfg = Debug|Any CPU
		{60355524-97AE-4B99-ADFC-1AF9CF269AF6}.Debug|Any CPU.Build.0 = Debug|Any CPU
		{60355524-97AE-4B99-ADFC-1AF9CF269AF6}.Release|Any CPU.ActiveCfg = Release|Any CPU
		{60355524-97AE-4B99-ADFC-1AF9CF269AF6}.Release|Any CPU.Build.0 = Release|Any CPU
	EndGlobalSection
	GlobalSection(SolutionProperties) = preSolution
		HideSolutionNode = FALSE
	EndGlobalSection
	GlobalSection(NestedProjects) = preSolution
		{500ED371-A63E-4616-94D9-0EC233E2B5B5} = {20CE1DB5-66D1-4873-B70F-C86B9BA866BF}
		{54AF8060-A2D2-4375-918E-ACB4417223A1} = {061CB73C-66F3-433A-B833-9751966B535F}
		{06026162-ECE1-44BA-9E91-9E55A8CFDB47} = {40ED44F4-56A8-49E4-AF21-DE9C8A73E2AE}
		{40ED44F4-56A8-49E4-AF21-DE9C8A73E2AE} = {A9341CE2-E12B-4544-BA27-51AD790841BF}
		{A8DB5C00-9736-4ACB-A11C-4C717EEBC1B9} = {A9341CE2-E12B-4544-BA27-51AD790841BF}
		{FA29A241-480C-4999-A664-9B5C088978E0} = {A8DB5C00-9736-4ACB-A11C-4C717EEBC1B9}
		{7568D536-A423-472E-A8E5-BFC52127485C} = {A8DB5C00-9736-4ACB-A11C-4C717EEBC1B9}
		{57ABD3C1-193A-498D-82F5-6946D69836FA} = {4B41F45B-CCFC-4590-94F4-963F1FC284AF}
		{E2C1F56C-34A1-4E34-A602-0918459E6BDC} = {A8DB5C00-9736-4ACB-A11C-4C717EEBC1B9}
		{521229AD-8270-4792-8701-F24CD82E5806} = {64D69999-1A0E-46A7-9D8A-B112A33B2828}
		{60355524-97AE-4B99-ADFC-1AF9CF269AF6} = {061CB73C-66F3-433A-B833-9751966B535F}
	EndGlobalSection
	GlobalSection(ExtensibilityGlobals) = postSolution
		SolutionGuid = {51DFBC82-E583-4861-8F3D-F52F20A1FA16}
	EndGlobalSection
EndGlobal
